{
  "name": "vue-image-preview",
  "version": "0.1.0",
  "lockfileVersion": 1,
  "requires": true,
  "dependencies": {
    "es6-promise": {
      "version": "4.2.8",
      "resolved": "https://registry.npmjs.org/es6-promise/-/es6-promise-4.2.8.tgz",
      "integrity": "sha512-HJDGx5daxeIvxdBxvG2cb9g4tEvwIk3i8+nhX0yGrYmZUzbkdg8QbDevheDB8gd0//uPj4c1EQua8Q+MViT0/w=="
    },
    "js-cropper": {
      "version": "1.0.1",
      "resolved": "https://registry.npmjs.org/js-cropper/-/js-cropper-1.0.1.tgz",
      "integrity": "sha512-AWMIo0xRzq7N7sHZbCaJYHymWj1rIzyY+yMZQEGUjmN8mtbDpcT6cRgX5ORJJm411ock/ZK0M7ySfuR4EKVzLA==",
      "requires": {
        "es6-promise": "^4.0.5"
      }
    }
  }
}
